
Microsoft Visual Studio Solution File, Format Version 12.00
# Visual Studio Version 17
VisualStudioVersion = 17.7.34003.232
MinimumVisualStudioVersion = 10.0.40219.1
Project("{FAE04EC0-301F-11D3-BF4B-00C04F79EFBC}") = "projectLivro", "projectLivro\projectLivro.csproj", "{87152142-8BFD-4BEE-A7A2-37CC04C6D940}"
EndProject
Global
	GlobalSection(SolutionConfigurationPlatforms) = preSolution
		Debug|Any CPU = Debug|Any CPU
		Release|Any CPU = Release|Any CPU
	EndGlobalSection
	GlobalSection(ProjectConfigurationPlatforms) = postSolution
		{87152142-8BFD-4BEE-A7A2-37CC04C6D940}.Debug|Any CPU.ActiveCfg = Debug|Any CPU
		{87152142-8BFD-4BEE-A7A2-37CC04C6D940}.Debug|Any CPU.Build.0 = Debug|Any CPU
		{87152142-8BFD-4BEE-A7A2-37CC04C6D940}.Release|Any CPU.ActiveCfg = Release|Any CPU
		{87152142-8BFD-4BEE-A7A2-37CC04C6D940}.Release|Any CPU.Build.0 = Release|Any CPU
	EndGlobalSection
	GlobalSection(SolutionProperties) = preSolution
		HideSolutionNode = FALSE
	EndGlobalSection
	GlobalSection(ExtensibilityGlobals) = postSolution
		SolutionGuid = {AE1314B1-D2AA-4494-8927-73AE32FB8FD0}
	EndGlobalSection
EndGlobal
